# THIS IS AN AUTOGENERATED FILE. DO NOT EDIT THIS FILE DIRECTLY.
# yarn lockfile v1


jsonix-schema-compiler@~<VERSION>:
  version "2.3.9"
  resolved "https://registry.yarnpkg.com/jsonix-schema-compiler/-/jsonix-schema-compiler-2.3.9.tgz#375f265ca0e3738e03d2544a85b9315bb9e45e3a"
  integrity sha1-N18mXKDjc44D0lRKhbkxW7nkXjo=
